// !$*UTF8*$!
{
	archiveVersion = 1;
	classes = {
	};
	objectVersion = 52;
	objects = {

/* Begin PBXBuildFile section */
		ABB909CF268E655400F9CEAE /* AppDelegate.swift in Sources */ = {isa = PBXBuildFile; fileRef = ABB909CE268E655400F9CEAE /* AppDelegate.swift */; };
		ABB909D1268E655400F9CEAE /* SceneDelegate.swift in Sources */ = {isa = PBXBuildFile; fileRef = ABB909D0268E655400F9CEAE /* SceneDelegate.swift */; };
		ABB909D3268E655400F9CEAE /* ViewController.swift in Sources */ = {isa = PBXBuildFile; fileRef = ABB909D2268E655400F9CEAE /* ViewController.swift */; };
		ABB909D6268E655400F9CEAE /* Main.storyboard in Resources */ = {isa = PBXBuildFile; fileRef = ABB909D4268E655400F9CEAE /* Main.storyboard */; };
		ABB909D8268E655500F9CEAE /* Assets.xcassets in Resources */ = {isa = PBXBuildFile; fileRef = ABB909D7268E655500F9CEAE /* Assets.xcassets */; };
		ABB909DB268E655500F9CEAE /* LaunchScreen.storyboard in Resources */ = {isa = PBXBuildFile; fileRef = ABB909D9268E655500F9CEAE /* LaunchScreen.storyboard */; };
		ABB909E5268E65E600F9CEAE /* SwiftyJSON in Frameworks */ = {isa = PBXBuildFile; productRef = ABB909E4268E65E600F9CEAE /* SwiftyJSON */; };
		ABB909E9268E661300F9CEAE /* Alamofire in Frameworks */ = {isa = PBXBuildFile; productRef = ABB909E8268E661300F9CEAE /* Alamofire */; };
/* End PBXBuildFile section */

/* Begin PBXFileReference section */
		ABB909CB268E655400F9CEAE /* What dog is it?.app */ = {isa = PBXFileReference; explicitFileType = wrapper.application; includeInIndex = 0; path = "What dog is it?.app"; sourceTree = BUILT_PRODUCTS_DIR; };
		ABB909CE268E655400F9CEAE /* AppDelegate.swift */ = {isa = PBXFileReference; lastKnownFileType = sourcecode.swift; path = AppDelegate.swift; sourceTree = "<group>"; };
		ABB909D0268E655400F9CEAE /* SceneDelegate.swift */ = {isa = PBXFileReference; lastKnownFileType = sourcecode.swift; path = SceneDelegate.swift; sourceTree = "<group>"; };
		ABB909D2268E655400F9CEAE /* ViewController.swift */ = {isa = PBXFileReference; lastKnownFileType = sourcecode.swift; path = ViewController.swift; sourceTree = "<group>"; };
		ABB909D5268E655400F9CEAE /* Base */ = {isa = PBXFileReference; lastKnownFileType = file.storyboard; name = Base; path = Base.lproj/Main.storyboard; sourceTree = "<group>"; };
		ABB909D7268E655500F9CEAE /* Assets.xcassets */ = {isa = PBXFileReference; lastKnownFileType = folder.assetcatalog; path = Assets.xcassets; sourceTree = "<group>"; };
		ABB909DA268E655500F9CEAE /* Base */ = {isa = PBXFileReference; lastKnownFileType = file.storyboard; name = Base; path = Base.lproj/LaunchScreen.storyboard; sourceTree = "<group>"; };
		ABB909DC268E655500F9CEAE /* Info.plist */ = {isa = PBXFileReference; lastKnownFileType = text.plist.xml; path = Info.plist; sourceTree = "<group>"; };
/* End PBXFileReference section */

/* Begin PBXFrameworksBuildPhase section */
		ABB909C8268E655400F9CEAE /* Frameworks */ = {
			isa = PBXFrameworksBuildPhase;
			buildActionMask = 2147483647;
			files = (
				ABB909E5268E65E600F9CEAE /* SwiftyJSON in Frameworks */,
				ABB909E9268E661300F9CEAE /* Alamofire in Frameworks */,
			);
			runOnlyForDeploymentPostprocessing = 0;
		};
/* End PBXFrameworksBuildPhase section */

/* Begin PBXGroup section */
		ABB909C2268E655400F9CEAE = {
			isa = PBXGroup;
			children = (
				ABB909CD268E655400F9CEAE /* Cats'n Dogs */,
				ABB909CC268E655400F9CEAE /* Products */,
			);
			sourceTree = "<group>";
		};
		ABB909CC268E655400F9CEAE /* Products */ = {
			isa = PBXGroup;
			children = (
				ABB909CB268E655400F9CEAE /* What dog is it?.app */,
			);
			name = Products;
			sourceTree = "<group>";
		};
		ABB909CD268E655400F9CEAE /* Cats'n Dogs */ = {
			isa = PBXGroup;
			children = (
				ABB909CE268E655400F9CEAE /* AppDelegate.swift */,
				ABB909D0268E655400F9CEAE /* SceneDelegate.swift */,
				ABB909D2268E655400F9CEAE /* ViewController.swift */,
				ABB909D4268E655400F9CEAE /* Main.storyboard */,
				ABB909D7268E655500F9CEAE /* Assets.xcassets */,
				ABB909D9268E655500F9CEAE /* LaunchScreen.storyboard */,
				ABB909DC268E655500F9CEAE /* Info.plist */,
			);
			path = "Cats'n Dogs";
			sourceTree = "<group>";
		};
/* End PBXGroup section */

/* Begin PBXNativeTarget section */
		ABB909CA268E655400F9CEAE /* What dog is it? */ = {
			isa = PBXNativeTarget;
			buildConfigurationList = ABB909DF268E655500F9CEAE /* Build configuration list for PBXNativeTarget "What dog is it?" */;
			buildPhases = (
				ABB909C7268E655400F9CEAE /* Sources */,
				ABB909C8268E655400F9CEAE /* Frameworks */,
				ABB909C9268E655400F9CEAE /* Resources */,
			);
			buildRules = (
			);
			dependencies = (
			);
			name = "What dog is it?";
			packageProductDependencies = (
				ABB909E4268E65E600F9CEAE /* SwiftyJSON */,
				ABB909E8268E661300F9CEAE /* Alamofire */,
			);
			productName = "Cats'n Dogs";
			productReference = ABB909CB268E655400F9CEAE /* What dog is it?.app */;
			productType = "com.apple.product-type.application";
		};
/* End PBXNativeTarget section */

/* Begin PBXProject section */
		ABB909C3268E655400F9CEAE /* Project object */ = {
			isa = PBXProject;
			attributes = {
				LastSwiftUpdateCheck = 1240;
				LastUpgradeCheck = 1240;
				TargetAttributes = {
					ABB909CA268E655400F9CEAE = {
						CreatedOnToolsVersion = 12.4;
					};
				};
			};
			buildConfigurationList = ABB909C6268E655400F9CEAE /* Build configuration list for PBXProject "What dog is it?" */;
			compatibilityVersion = "Xcode 9.3";
			developmentRegion = en;
			hasScannedForEncodings = 0;
			knownRegions = (
				en,
				Base,
			);
			mainGroup = ABB909C2268E655400F9CEAE;
			packageReferences = (
				ABB909E3268E65E600F9CEAE /* XCRemoteSwiftPackageReference "SwiftyJSON" */,
				ABB909E7268E661300F9CEAE /* XCRemoteSwiftPackageReference "Alamofire" */,
			);
			productRefGroup = ABB909CC268E655400F9CEAE /* Products */;
			projectDirPath = "";
			projectRoot = "";
			targets = (
				ABB909CA268E655400F9CEAE /* What dog is it? */,
			);
		};
/* End PBXProject section */

/* Begin PBXResourcesBuildPhase section */
		ABB909C9268E655400F9CEAE /* Resources */ = {
			isa = PBXResourcesBuildPhase;
			buildActionMask = 2147483647;
			files = (
				ABB909DB268E655500F9CEAE /* LaunchScreen.storyboard in Resources */,
				ABB909D8268E655500F9CEAE /* Assets.xcassets in Resources */,
				ABB909D6268E655400F9CEAE /* Main.storyboard in Resources */,
			);
			runOnlyForDeploymentPostprocessing = 0;
		};
/* End PBXResourcesBuildPhase section */

/* Begin PBXSourcesBuildPhase section */
		ABB909C7268E655400F9CEAE /* Sources */ = {
			isa = PBXSourcesBuildPhase;
			buildActionMask = 2147483647;
			files = (
				ABB909D3268E655400F9CEAE /* ViewController.swift in Sources */,
				ABB909CF268E655400F9CEAE /* AppDelegate.swift in Sources */,
				ABB909D1268E655400F9CEAE /* SceneDelegate.swift in Sources */,
			);
			runOnlyForDeploymentPostprocessing = 0;
		};
/* End PBXSourcesBuildPhase section */

/* Begin PBXVariantGroup section */
		ABB909D4268E655400F9CEAE /* Main.storyboard */ = {
			isa = PBXVariantGroup;
			children = (
				ABB909D5268E655400F9CEAE /* Base */,
			);
			name = Main.storyboard;
			sourceTree = "<group>";
		};
		ABB909D9268E655500F9CEAE /* LaunchScreen.storyboard */ = {
			isa = PBXVariantGroup;
			children = (
				ABB909DA268E655500F9CEAE /* Base */,
			);
			name = LaunchScreen.storyboard;
			sourceTree = "<group>";
		};
/* End PBXVariantGroup section */

/* Begin XCBuildConfiguration section */
		ABB909DD268E655500F9CEAE /* Debug */ = {
			isa = XCBuildConfiguration;
			buildSettings = {
				ALWAYS_SEARCH_USER_PATHS = NO;
				CLANG_ANALYZER_NONNULL = YES;
				CLANG_ANALYZER_NUMBER_OBJECT_CONVERSION = YES_AGGRESSIVE;
				CLANG_CXX_LANGUAGE_STANDARD = "gnu++14";
				CLANG_CXX_LIBRARY = "libc++";
				CLANG_ENABLE_MODULES = YES;
				CLANG_ENABLE_OBJC_ARC = YES;
				CLANG_ENABLE_OBJC_WEAK = YES;
				CLANG_WARN_BLOCK_CAPTURE_AUTORELEASING = YES;
				CLANG_WARN_BOOL_CONVERSION = YES;
				CLANG_WARN_COMMA = YES;
				CLANG_WARN_CONSTANT_CONVERSION = YES;
				CLANG_WARN_DEPRECATED_OBJC_IMPLEMENTATIONS = YES;
				CLANG_WARN_DIRECT_OBJC_ISA_USAGE = YES_ERROR;
				CLANG_WARN_DOCUMENTATION_COMMENTS = YES;
				CLANG_WARN_EMPTY_BODY = YES;
				CLANG_WARN_ENUM_CONVERSION = YES;
				CLANG_WARN_INFINITE_RECURSION = YES;
				CLANG_WARN_INT_CONVERSION = YES;
				CLANG_WARN_NON_LITERAL_NULL_CONVERSION = YES;
				CLANG_WARN_OBJC_IMPLICIT_RETAIN_SELF = YES;
				CLANG_WARN_OBJC_LITERAL_CONVERSION = YES;
				CLANG_WARN_OBJC_ROOT_CLASS = YES_ERROR;
				CLANG_WARN_QUOTED_INCLUDE_IN_FRAMEWORK_HEADER = YES;
				CLANG_WARN_RANGE_LOOP_ANALYSIS = YES;
				CLANG_WARN_STRICT_PROTOTYPES = YES;
				CLANG_WARN_SUSPICIOUS_MOVE = YES;
				CLANG_WARN_UNGUARDED_AVAILABILITY = YES_AGGRESSIVE;
				CLANG_WARN_UNREACHABLE_CODE = YES;
				CLANG_WARN__DUPLICATE_METHOD_MATCH = YES;
				COPY_PHASE_STRIP = NO;
				DEBUG_INFORMATION_FORMAT = dwarf;
				ENABLE_STRICT_OBJC_MSGSEND = YES;
				ENABLE_TESTABILITY = YES;
				GCC_C_LANGUAGE_STANDARD = gnu11;
				GCC_DYNAMIC_NO_PIC = NO;
				GCC_NO_COMMON_BLOCKS = YES;
				GCC_OPTIMIZATION_LEVEL = 0;
				GCC_PREPROCESSOR_DEFINITIONS = (
					"DEBUG=1",
					"$(inherited)",
				);
				GCC_WARN_64_TO_32_BIT_CONVERSION = YES;
				GCC_WARN_ABOUT_RETURN_TYPE = YES_ERROR;
				GCC_WARN_UNDECLARED_SELECTOR = YES;
				GCC_WARN_UNINITIALIZED_AUTOS = YES_AGGRESSIVE;
				GCC_WARN_UNUSED_FUNCTION = YES;
				GCC_WARN_UNUSED_VARIABLE = YES;
				IPHONEOS_DEPLOYMENT_TARGET = 14.4;
				MTL_ENABLE_DEBUG_INFO = INCLUDE_SOURCE;
				MTL_FAST_MATH = YES;
				ONLY_ACTIVE_ARCH = YES;
				SDKROOT = iphoneos;
				SWIFT_ACTIVE_COMPILATION_CONDITIONS = DEBUG;
				SWIFT_OPTIMIZATION_LEVEL = "-Onone";
			};
			name = Debug;
		};
		ABB909DE268E655500F9CEAE /* Release */ = {
			isa = XCBuildConfiguration;
			buildSettings = {
				ALWAYS_SEARCH_USER_PATHS = NO;
				CLANG_ANALYZER_NONNULL = YES;
				CLANG_ANALYZER_NUMBER_OBJECT_CONVERSION = YES_AGGRESSIVE;
				CLANG_CXX_LANGUAGE_STANDARD = "gnu++14";
				CLANG_CXX_LIBRARY = "libc++";
				CLANG_ENABLE_MODULES = YES;
				CLANG_ENABLE_OBJC_ARC = YES;
				CLANG_ENABLE_OBJC_WEAK = YES;
				CLANG_WARN_BLOCK_CAPTURE_AUTORELEASING = YES;
				CLANG_WARN_BOOL_CONVERSION = YES;
				CLANG_WARN_COMMA = YES;
				CLANG_WARN_CONSTANT_CONVERSION = YES;
				CLANG_WARN_DEPRECATED_OBJC_IMPLEMENTATIONS = YES;
				CLANG_WARN_DIRECT_OBJC_ISA_USAGE = YES_ERROR;
				CLANG_WARN_DOCUMENTATION_COMMENTS = YES;
				CLANG_WARN_EMPTY_BODY = YES;
				CLANG_WARN_ENUM_CONVERSION = YES;
				CLANG_WARN_INFINITE_RECURSION = YES;
				CLANG_WARN_INT_CONVERSION = YES;
				CLANG_WARN_NON_LITERAL_NULL_CONVERSION = YES;
				CLANG_WARN_OBJC_IMPLICIT_RETAIN_SELF = YES;
				CLANG_WARN_OBJC_LITERAL_CONVERSION = YES;
				CLANG_WARN_OBJC_ROOT_CLASS = YES_ERROR;
				CLANG_WARN_QUOTED_INCLUDE_IN_FRAMEWORK_HEADER = YES;
				CLANG_WARN_RANGE_LOOP_ANALYSIS = YES;
				CLANG_WARN_STRICT_PROTOTYPES = YES;
				CLANG_WARN_SUSPICIOUS_MOVE = YES;
				CLANG_WARN_UNGUARDED_AVAILABILITY = YES_AGGRESSIVE;
				CLANG_WARN_UNREACHABLE_CODE = YES;
				CLANG_WARN__DUPLICATE_METHOD_MATCH = YES;
				COPY_PHASE_STRIP = NO;
				DEBUG_INFORMATION_FORMAT = "dwarf-with-dsym";
				ENABLE_NS_ASSERTIONS = NO;
				ENABLE_STRICT_OBJC_MSGSEND = YES;
				GCC_C_LANGUAGE_STANDARD = gnu11;
				GCC_NO_COMMON_BLOCKS = YES;
				GCC_WARN_64_TO_32_BIT_CONVERSION = YES;
				GCC_WARN_ABOUT_RETURN_TYPE = YES_ERROR;
				GCC_WARN_UNDECLARED_SELECTOR = YES;
				GCC_WARN_UNINITIALIZED_AUTOS = YES_AGGRESSIVE;
				GCC_WARN_UNUSED_FUNCTION = YES;
				GCC_WARN_UNUSED_VARIABLE = YES;
				IPHONEOS_DEPLOYMENT_TARGET = 14.4;
				MTL_ENABLE_DEBUG_INFO = NO;
				MTL_FAST_MATH = YES;
				SDKROOT = iphoneos;
				SWIFT_COMPILATION_MODE = wholemodule;
				SWIFT_OPTIMIZATION_LEVEL = "-O";
				VALIDATE_PRODUCT = YES;
			};
			name = Release;
		};
		ABB909E0268E655500F9CEAE /* Debug */ = {
			isa = XCBuildConfiguration;
			buildSettings = {
				ASSETCATALOG_COMPILER_APPICON_NAME = AppIcon;
				ASSETCATALOG_COMPILER_GLOBAL_ACCENT_COLOR_NAME = AccentColor;
				CODE_SIGN_STYLE = Automatic;
				INFOPLIST_FILE = "Cats'n Dogs/Info.plist";
				LD_RUNPATH_SEARCH_PATHS = (
					"$(inherited)",
					"@executable_path/Frameworks",
				);
				PRODUCT_BUNDLE_IDENTIFIER = "world.aiclub.Cats-n-Dogs";
				PRODUCT_NAME = "$(TARGET_NAME)";
				SWIFT_VERSION = 5.0;
				TARGETED_DEVICE_FAMILY = "1,2";
			};
			name = Debug;
		};
		ABB909E1268E655500F9CEAE /* Release */ = {
			isa = XCBuildConfiguration;
			buildSettings = {
				ASSETCATALOG_COMPILER_APPICON_NAME = AppIcon;
				ASSETCATALOG_COMPILER_GLOBAL_ACCENT_COLOR_NAME = AccentColor;
				CODE_SIGN_STYLE = Automatic;
				INFOPLIST_FILE = "Cats'n Dogs/Info.plist";
				LD_RUNPATH_SEARCH_PATHS = (
					"$(inherited)",
					"@executable_path/Frameworks",
				);
				PRODUCT_BUNDLE_IDENTIFIER = "world.aiclub.Cats-n-Dogs";
				PRODUCT_NAME = "$(TARGET_NAME)";
				SWIFT_VERSION = 5.0;
				TARGETED_DEVICE_FAMILY = "1,2";
			};
			name = Release;
		};
/* End XCBuildConfiguration section */

/* Begin XCConfigurationList section */
		ABB909C6268E655400F9CEAE /* Build configuration list for PBXProject "What dog is it?" */ = {
			isa = XCConfigurationList;
			buildConfigurations = (
				ABB909DD268E655500F9CEAE /* Debug */,
				ABB909DE268E655500F9CEAE /* Release */,
			);
			defaultConfigurationIsVisible = 0;
			defaultConfigurationName = Release;
		};
		ABB909DF268E655500F9CEAE /* Build configuration list for PBXNativeTarget "What dog is it?" */ = {
			isa = XCConfigurationList;
			buildConfigurations = (
				ABB909E0268E655500F9CEAE /* Debug */,
				ABB909E1268E655500F9CEAE /* Release */,
			);
			defaultConfigurationIsVisible = 0;
			defaultConfigurationName = Release;
		};
/* End XCConfigurationList section */

/* Begin XCRemoteSwiftPackageReference section */
		ABB909E3268E65E600F9CEAE /* XCRemoteSwiftPackageReference "SwiftyJSON" */ = {
			isa = XCRemoteSwiftPackageReference;
			repositoryURL = "https://github.com/SwiftyJSON/SwiftyJSON";
			requirement = {
				kind = upToNextMajorVersion;
				minimumVersion = 5.0.1;
			};
		};
		ABB909E7268E661300F9CEAE /* XCRemoteSwiftPackageReference "Alamofire" */ = {
			isa = XCRemoteSwiftPackageReference;
			repositoryURL = "https://github.com/Alamofire/Alamofire";
			requirement = {
				kind = upToNextMajorVersion;
				minimumVersion = 5.4.3;
			};
		};
/* End XCRemoteSwiftPackageReference section */

/* Begin XCSwiftPackageProductDependency section */
		ABB909E4268E65E600F9CEAE /* SwiftyJSON */ = {
			isa = XCSwiftPackageProductDependency;
			package = ABB909E3268E65E600F9CEAE /* XCRemoteSwiftPackageReference "SwiftyJSON" */;
			productName = SwiftyJSON;
		};
		ABB909E8268E661300F9CEAE /* Alamofire */ = {
			isa = XCSwiftPackageProductDependency;
			package = ABB909E7268E661300F9CEAE /* XCRemoteSwiftPackageReference "Alamofire" */;
			productName = Alamofire;
		};
/* End XCSwiftPackageProductDependency section */
	};
	rootObject = ABB909C3268E655400F9CEAE /* Project object */;
}
